// !$*UTF8*$!
{
	archiveVersion = 1;
	classes = {
	};
	objectVersion = 50;
	objects = {

/* Begin PBXBuildFile section */
		1167B9992529CB9300616A5E /* AppDelegate.swift in Sources */ = {isa = PBXBuildFile; fileRef = 1167B9982529CB9300616A5E /* AppDelegate.swift */; };
		1167B99B2529CB9300616A5E /* ViewController.swift in Sources */ = {isa = PBXBuildFile; fileRef = 1167B99A2529CB9300616A5E /* ViewController.swift */; };
		1167B99E2529CB9300616A5E /* Main.storyboard in Resources */ = {isa = PBXBuildFile; fileRef = 1167B99C2529CB9300616A5E /* Main.storyboard */; };
		1167B9A02529CB9500616A5E /* Assets.xcassets in Resources */ = {isa = PBXBuildFile; fileRef = 1167B99F2529CB9500616A5E /* Assets.xcassets */; };
		1167B9A32529CB9500616A5E /* LaunchScreen.storyboard in Resources */ = {isa = PBXBuildFile; fileRef = 1167B9A12529CB9500616A5E /* LaunchScreen.storyboard */; };
		1167B9AB2529CD8D00616A5E /* airports.json in Resources */ = {isa = PBXBuildFile; fileRef = 1167B9AA2529CD8D00616A5E /* airports.json */; };
		1167B9AD2529D1E400616A5E /* AirportsViewController.swift in Sources */ = {isa = PBXBuildFile; fileRef = 1167B9AC2529D1E400616A5E /* AirportsViewController.swift */; };
		1167B9AF2529E3E400616A5E /* AirportCell.swift in Sources */ = {isa = PBXBuildFile; fileRef = 1167B9AE2529E3E400616A5E /* AirportCell.swift */; };
		1167B9B1252A0FDA00616A5E /* Extensions.swift in Sources */ = {isa = PBXBuildFile; fileRef = 1167B9B0252A0FDA00616A5E /* Extensions.swift */; };
		1167B9B3252A14E500616A5E /* AnnotationView.swift in Sources */ = {isa = PBXBuildFile; fileRef = 1167B9B2252A14E500616A5E /* AnnotationView.swift */; };
		1167B9B5252A16FE00616A5E /* AirportAnnotation.swift in Sources */ = {isa = PBXBuildFile; fileRef = 1167B9B4252A16FE00616A5E /* AirportAnnotation.swift */; };
/* End PBXBuildFile section */

/* Begin PBXFileReference section */
		1167B9952529CB9300616A5E /* Airports.app */ = {isa = PBXFileReference; explicitFileType = wrapper.application; includeInIndex = 0; path = Airports.app; sourceTree = BUILT_PRODUCTS_DIR; };
		1167B9982529CB9300616A5E /* AppDelegate.swift */ = {isa = PBXFileReference; lastKnownFileType = sourcecode.swift; path = AppDelegate.swift; sourceTree = "<group>"; };
		1167B99A2529CB9300616A5E /* ViewController.swift */ = {isa = PBXFileReference; lastKnownFileType = sourcecode.swift; path = ViewController.swift; sourceTree = "<group>"; };
		1167B99D2529CB9300616A5E /* Base */ = {isa = PBXFileReference; lastKnownFileType = file.storyboard; name = Base; path = Base.lproj/Main.storyboard; sourceTree = "<group>"; };
		1167B99F2529CB9500616A5E /* Assets.xcassets */ = {isa = PBXFileReference; lastKnownFileType = folder.assetcatalog; path = Assets.xcassets; sourceTree = "<group>"; };
		1167B9A22529CB9500616A5E /* Base */ = {isa = PBXFileReference; lastKnownFileType = file.storyboard; name = Base; path = Base.lproj/LaunchScreen.storyboard; sourceTree = "<group>"; };
		1167B9A42529CB9500616A5E /* Info.plist */ = {isa = PBXFileReference; lastKnownFileType = text.plist.xml; path = Info.plist; sourceTree = "<group>"; };
		1167B9AA2529CD8D00616A5E /* airports.json */ = {isa = PBXFileReference; fileEncoding = 4; lastKnownFileType = text.json; path = airports.json; sourceTree = "<group>"; };
		1167B9AC2529D1E400616A5E /* AirportsViewController.swift */ = {isa = PBXFileReference; lastKnownFileType = sourcecode.swift; path = AirportsViewController.swift; sourceTree = "<group>"; };
		1167B9AE2529E3E400616A5E /* AirportCell.swift */ = {isa = PBXFileReference; lastKnownFileType = sourcecode.swift; path = AirportCell.swift; sourceTree = "<group>"; };
		1167B9B0252A0FDA00616A5E /* Extensions.swift */ = {isa = PBXFileReference; lastKnownFileType = sourcecode.swift; path = Extensions.swift; sourceTree = "<group>"; };
		1167B9B2252A14E500616A5E /* AnnotationView.swift */ = {isa = PBXFileReference; lastKnownFileType = sourcecode.swift; path = AnnotationView.swift; sourceTree = "<group>"; };
		1167B9B4252A16FE00616A5E /* AirportAnnotation.swift */ = {isa = PBXFileReference; lastKnownFileType = sourcecode.swift; path = AirportAnnotation.swift; sourceTree = "<group>"; };
/* End PBXFileReference section */

/* Begin PBXFrameworksBuildPhase section */
		1167B9922529CB9300616A5E /* Frameworks */ = {
			isa = PBXFrameworksBuildPhase;
			buildActionMask = 2147483647;
			files = (
			);
			runOnlyForDeploymentPostprocessing = 0;
		};
/* End PBXFrameworksBuildPhase section */

/* Begin PBXGroup section */
		1167B98C2529CB9300616A5E = {
			isa = PBXGroup;
			children = (
				1167B9972529CB9300616A5E /* Airports */,
				1167B9962529CB9300616A5E /* Products */,
			);
			sourceTree = "<group>";
		};
		1167B9962529CB9300616A5E /* Products */ = {
			isa = PBXGroup;
			children = (
				1167B9952529CB9300616A5E /* Airports.app */,
			);
			name = Products;
			sourceTree = "<group>";
		};
		1167B9972529CB9300616A5E /* Airports */ = {
			isa = PBXGroup;
			children = (
				1167B9AA2529CD8D00616A5E /* airports.json */,
				1167B9B8252A189B00616A5E /* Application */,
				1167B9B6252A185C00616A5E /* Controllers */,
				1167B9B0252A0FDA00616A5E /* Extensions.swift */,
				1167B9B7252A188500616A5E /* Annatations */,
				1167B9AE2529E3E400616A5E /* AirportCell.swift */,
				1167B99C2529CB9300616A5E /* Main.storyboard */,
				1167B99F2529CB9500616A5E /* Assets.xcassets */,
				1167B9A12529CB9500616A5E /* LaunchScreen.storyboard */,
				1167B9A42529CB9500616A5E /* Info.plist */,
			);
			path = Airports;
			sourceTree = "<group>";
		};
		1167B9B6252A185C00616A5E /* Controllers */ = {
			isa = PBXGroup;
			children = (
				1167B9AC2529D1E400616A5E /* AirportsViewController.swift */,
				1167B99A2529CB9300616A5E /* ViewController.swift */,
			);
			path = Controllers;
			sourceTree = "<group>";
		};
		1167B9B7252A188500616A5E /* Annatations */ = {
			isa = PBXGroup;
			children = (
				1167B9B2252A14E500616A5E /* AnnotationView.swift */,
				1167B9B4252A16FE00616A5E /* AirportAnnotation.swift */,
			);
			path = Annatations;
			sourceTree = "<group>";
		};
		1167B9B8252A189B00616A5E /* Application */ = {
			isa = PBXGroup;
			children = (
				1167B9982529CB9300616A5E /* AppDelegate.swift */,
			);
			name = Application;
			sourceTree = "<group>";
		};
/* End PBXGroup section */

/* Begin PBXNativeTarget section */
		1167B9942529CB9300616A5E /* Airports */ = {
			isa = PBXNativeTarget;
			buildConfigurationList = 1167B9A72529CB9500616A5E /* Build configuration list for PBXNativeTarget "Airports" */;
			buildPhases = (
				1167B9912529CB9300616A5E /* Sources */,
				1167B9922529CB9300616A5E /* Frameworks */,
				1167B9932529CB9300616A5E /* Resources */,
			);
			buildRules = (
			);
			dependencies = (
			);
			name = Airports;
			productName = Airports;
			productReference = 1167B9952529CB9300616A5E /* Airports.app */;
			productType = "com.apple.product-type.application";
		};
/* End PBXNativeTarget section */

/* Begin PBXProject section */
		1167B98D2529CB9300616A5E /* Project object */ = {
			isa = PBXProject;
			attributes = {
				LastSwiftUpdateCheck = 1020;
				LastUpgradeCheck = 1020;
				ORGANIZATIONNAME = Nikita;
				TargetAttributes = {
					1167B9942529CB9300616A5E = {
						CreatedOnToolsVersion = 10.2.1;
					};
				};
			};
			buildConfigurationList = 1167B9902529CB9300616A5E /* Build configuration list for PBXProject "Airports" */;
			compatibilityVersion = "Xcode 9.3";
			developmentRegion = en;
			hasScannedForEncodings = 0;
			knownRegions = (
				en,
				Base,
			);
			mainGroup = 1167B98C2529CB9300616A5E;
			productRefGroup = 1167B9962529CB9300616A5E /* Products */;
			projectDirPath = "";
			projectRoot = "";
			targets = (
				1167B9942529CB9300616A5E /* Airports */,
			);
		};
/* End PBXProject section */

/* Begin PBXResourcesBuildPhase section */
		1167B9932529CB9300616A5E /* Resources */ = {
			isa = PBXResourcesBuildPhase;
			buildActionMask = 2147483647;
			files = (
				1167B9A32529CB9500616A5E /* LaunchScreen.storyboard in Resources */,
				1167B9AB2529CD8D00616A5E /* airports.json in Resources */,
				1167B9A02529CB9500616A5E /* Assets.xcassets in Resources */,
				1167B99E2529CB9300616A5E /* Main.storyboard in Resources */,
			);
			runOnlyForDeploymentPostprocessing = 0;
		};
/* End PBXResourcesBuildPhase section */

/* Begin PBXSourcesBuildPhase section */
		1167B9912529CB9300616A5E /* Sources */ = {
			isa = PBXSourcesBuildPhase;
			buildActionMask = 2147483647;
			files = (
				1167B9B1252A0FDA00616A5E /* Extensions.swift in Sources */,
				1167B9B3252A14E500616A5E /* AnnotationView.swift in Sources */,
				1167B99B2529CB9300616A5E /* ViewController.swift in Sources */,
				1167B9AF2529E3E400616A5E /* AirportCell.swift in Sources */,
				1167B9B5252A16FE00616A5E /* AirportAnnotation.swift in Sources */,
				1167B9AD2529D1E400616A5E /* AirportsViewController.swift in Sources */,
				1167B9992529CB9300616A5E /* AppDelegate.swift in Sources */,
			);
			runOnlyForDeploymentPostprocessing = 0;
		};
/* End PBXSourcesBuildPhase section */

/* Begin PBXVariantGroup section */
		1167B99C2529CB9300616A5E /* Main.storyboard */ = {
			isa = PBXVariantGroup;
			children = (
				1167B99D2529CB9300616A5E /* Base */,
			);
			name = Main.storyboard;
			sourceTree = "<group>";
		};
		1167B9A12529CB9500616A5E /* LaunchScreen.storyboard */ = {
			isa = PBXVariantGroup;
			children = (
				1167B9A22529CB9500616A5E /* Base */,
			);
			name = LaunchScreen.storyboard;
			sourceTree = "<group>";
		};
/* End PBXVariantGroup section */

/* Begin XCBuildConfiguration section */
		1167B9A52529CB9500616A5E /* Debug */ = {
			isa = XCBuildConfiguration;
			buildSettings = {
				ALWAYS_SEARCH_USER_PATHS = NO;
				CLANG_ANALYZER_NONNULL = YES;
				CLANG_ANALYZER_NUMBER_OBJECT_CONVERSION = YES_AGGRESSIVE;
				CLANG_CXX_LANGUAGE_STANDARD = "gnu++14";
				CLANG_CXX_LIBRARY = "libc++";
				CLANG_ENABLE_MODULES = YES;
				CLANG_ENABLE_OBJC_ARC = YES;
				CLANG_ENABLE_OBJC_WEAK = YES;
				CLANG_WARN_BLOCK_CAPTURE_AUTORELEASING = YES;
				CLANG_WARN_BOOL_CONVERSION = YES;
				CLANG_WARN_COMMA = YES;
				CLANG_WARN_CONSTANT_CONVERSION = YES;
				CLANG_WARN_DEPRECATED_OBJC_IMPLEMENTATIONS = YES;
				CLANG_WARN_DIRECT_OBJC_ISA_USAGE = YES_ERROR;
				CLANG_WARN_DOCUMENTATION_COMMENTS = YES;
				CLANG_WARN_EMPTY_BODY = YES;
				CLANG_WARN_ENUM_CONVERSION = YES;
				CLANG_WARN_INFINITE_RECURSION = YES;
				CLANG_WARN_INT_CONVERSION = YES;
				CLANG_WARN_NON_LITERAL_NULL_CONVERSION = YES;
				CLANG_WARN_OBJC_IMPLICIT_RETAIN_SELF = YES;
				CLANG_WARN_OBJC_LITERAL_CONVERSION = YES;
				CLANG_WARN_OBJC_ROOT_CLASS = YES_ERROR;
				CLANG_WARN_RANGE_LOOP_ANALYSIS = YES;
				CLANG_WARN_STRICT_PROTOTYPES = YES;
				CLANG_WARN_SUSPICIOUS_MOVE = YES;
				CLANG_WARN_UNGUARDED_AVAILABILITY = YES_AGGRESSIVE;
				CLANG_WARN_UNREACHABLE_CODE = YES;
				CLANG_WARN__DUPLICATE_METHOD_MATCH = YES;
				CODE_SIGN_IDENTITY = "iPhone Developer";
				COPY_PHASE_STRIP = NO;
				DEBUG_INFORMATION_FORMAT = dwarf;
				ENABLE_STRICT_OBJC_MSGSEND = YES;
				ENABLE_TESTABILITY = YES;
				GCC_C_LANGUAGE_STANDARD = gnu11;
				GCC_DYNAMIC_NO_PIC = NO;
				GCC_NO_COMMON_BLOCKS = YES;
				GCC_OPTIMIZATION_LEVEL = 0;
				GCC_PREPROCESSOR_DEFINITIONS = (
					"DEBUG=1",
					"$(inherited)",
				);
				GCC_WARN_64_TO_32_BIT_CONVERSION = YES;
				GCC_WARN_ABOUT_RETURN_TYPE = YES_ERROR;
				GCC_WARN_UNDECLARED_SELECTOR = YES;
				GCC_WARN_UNINITIALIZED_AUTOS = YES_AGGRESSIVE;
				GCC_WARN_UNUSED_FUNCTION = YES;
				GCC_WARN_UNUSED_VARIABLE = YES;
				IPHONEOS_DEPLOYMENT_TARGET = 12.2;
				MTL_ENABLE_DEBUG_INFO = INCLUDE_SOURCE;
				MTL_FAST_MATH = YES;
				ONLY_ACTIVE_ARCH = YES;
				SDKROOT = iphoneos;
				SWIFT_ACTIVE_COMPILATION_CONDITIONS = DEBUG;
				SWIFT_OPTIMIZATION_LEVEL = "-Onone";
			};
			name = Debug;
		};
		1167B9A62529CB9500616A5E /* Release */ = {
			isa = XCBuildConfiguration;
			buildSettings = {
				ALWAYS_SEARCH_USER_PATHS = NO;
				CLANG_ANALYZER_NONNULL = YES;
				CLANG_ANALYZER_NUMBER_OBJECT_CONVERSION = YES_AGGRESSIVE;
				CLANG_CXX_LANGUAGE_STANDARD = "gnu++14";
				CLANG_CXX_LIBRARY = "libc++";
				CLANG_ENABLE_MODULES = YES;
				CLANG_ENABLE_OBJC_ARC = YES;
				CLANG_ENABLE_OBJC_WEAK = YES;
				CLANG_WARN_BLOCK_CAPTURE_AUTORELEASING = YES;
				CLANG_WARN_BOOL_CONVERSION = YES;
				CLANG_WARN_COMMA = YES;
				CLANG_WARN_CONSTANT_CONVERSION = YES;
				CLANG_WARN_DEPRECATED_OBJC_IMPLEMENTATIONS = YES;
				CLANG_WARN_DIRECT_OBJC_ISA_USAGE = YES_ERROR;
				CLANG_WARN_DOCUMENTATION_COMMENTS = YES;
				CLANG_WARN_EMPTY_BODY = YES;
				CLANG_WARN_ENUM_CONVERSION = YES;
				CLANG_WARN_INFINITE_RECURSION = YES;
				CLANG_WARN_INT_CONVERSION = YES;
				CLANG_WARN_NON_LITERAL_NULL_CONVERSION = YES;
				CLANG_WARN_OBJC_IMPLICIT_RETAIN_SELF = YES;
				CLANG_WARN_OBJC_LITERAL_CONVERSION = YES;
				CLANG_WARN_OBJC_ROOT_CLASS = YES_ERROR;
				CLANG_WARN_RANGE_LOOP_ANALYSIS = YES;
				CLANG_WARN_STRICT_PROTOTYPES = YES;
				CLANG_WARN_SUSPICIOUS_MOVE = YES;
				CLANG_WARN_UNGUARDED_AVAILABILITY = YES_AGGRESSIVE;
				CLANG_WARN_UNREACHABLE_CODE = YES;
				CLANG_WARN__DUPLICATE_METHOD_MATCH = YES;
				CODE_SIGN_IDENTITY = "iPhone Developer";
				COPY_PHASE_STRIP = NO;
				DEBUG_INFORMATION_FORMAT = "dwarf-with-dsym";
				ENABLE_NS_ASSERTIONS = NO;
				ENABLE_STRICT_OBJC_MSGSEND = YES;
				GCC_C_LANGUAGE_STANDARD = gnu11;
				GCC_NO_COMMON_BLOCKS = YES;
				GCC_WARN_64_TO_32_BIT_CONVERSION = YES;
				GCC_WARN_ABOUT_RETURN_TYPE = YES_ERROR;
				GCC_WARN_UNDECLARED_SELECTOR = YES;
				GCC_WARN_UNINITIALIZED_AUTOS = YES_AGGRESSIVE;
				GCC_WARN_UNUSED_FUNCTION = YES;
				GCC_WARN_UNUSED_VARIABLE = YES;
				IPHONEOS_DEPLOYMENT_TARGET = 12.2;
				MTL_ENABLE_DEBUG_INFO = NO;
				MTL_FAST_MATH = YES;
				SDKROOT = iphoneos;
				SWIFT_COMPILATION_MODE = wholemodule;
				SWIFT_OPTIMIZATION_LEVEL = "-O";
				VALIDATE_PRODUCT = YES;
			};
			name = Release;
		};
		1167B9A82529CB9500616A5E /* Debug */ = {
			isa = XCBuildConfiguration;
			buildSettings = {
				ASSETCATALOG_COMPILER_APPICON_NAME = AppIcon;
				CODE_SIGN_STYLE = Automatic;
				INFOPLIST_FILE = Airports/Info.plist;
				LD_RUNPATH_SEARCH_PATHS = (
					"$(inherited)",
					"@executable_path/Frameworks",
				);
				PRODUCT_BUNDLE_IDENTIFIER = Nikita.Airports;
				PRODUCT_NAME = "$(TARGET_NAME)";
				SWIFT_VERSION = 5.0;
				TARGETED_DEVICE_FAMILY = "1,2";
			};
			name = Debug;
		};
		1167B9A92529CB9500616A5E /* Release */ = {
			isa = XCBuildConfiguration;
			buildSettings = {
				ASSETCATALOG_COMPILER_APPICON_NAME = AppIcon;
				CODE_SIGN_STYLE = Automatic;
				INFOPLIST_FILE = Airports/Info.plist;
				LD_RUNPATH_SEARCH_PATHS = (
					"$(inherited)",
					"@executable_path/Frameworks",
				);
				PRODUCT_BUNDLE_IDENTIFIER = Nikita.Airports;
				PRODUCT_NAME = "$(TARGET_NAME)";
				SWIFT_VERSION = 5.0;
				TARGETED_DEVICE_FAMILY = "1,2";
			};
			name = Release;
		};
/* End XCBuildConfiguration section */

/* Begin XCConfigurationList section */
		1167B9902529CB9300616A5E /* Build configuration list for PBXProject "Airports" */ = {
			isa = XCConfigurationList;
			buildConfigurations = (
				1167B9A52529CB9500616A5E /* Debug */,
				1167B9A62529CB9500616A5E /* Release */,
			);
			defaultConfigurationIsVisible = 0;
			defaultConfigurationName = Release;
		};
		1167B9A72529CB9500616A5E /* Build configuration list for PBXNativeTarget "Airports" */ = {
			isa = XCConfigurationList;
			buildConfigurations = (
				1167B9A82529CB9500616A5E /* Debug */,
				1167B9A92529CB9500616A5E /* Release */,
			);
			defaultConfigurationIsVisible = 0;
			defaultConfigurationName = Release;
		};
/* End XCConfigurationList section */
	};
	rootObject = 1167B98D2529CB9300616A5E /* Project object */;
}
